lockfileVersion: '9.0'

settings:
  autoInstallPeers: true
  excludeLinksFromLockfile: false

importers:

  .:
    devDependencies:
      '@lark-project/meegle':
        specifier: 1.0.23
        version: 1.0.23
      subset-font:
        specifier: ^2.9.0
        version: 2.9.0

packages:

  '@lark-project/meegle@1.0.23':
    resolution: {integrity: sha512-RDaz27RZaCHOxQcBbzt2cNlq5SPCktNPqQhTGvg2iVn116UbwQ7n79mKYKywokFnbsaoSu8kfbiIGIxQDnFsog==}
    engines: {node: '>=16'}
    cpu: [arm64, x64]
    os: [darwin, linux, win32]
    hasBin: true

  argparse@2.0.1:
    resolution: {integrity: sha512-8+9WqebbFzpX9OR+Wa6O29asIogeRMzcGtAINdpMHHyAg10f05aSFVBbcEqGf/PXw1EjAZ+q2/bEBg3DvurK3Q==}

  fontverter@2.0.0:
    resolution: {integrity: sha512-DFVX5hvXuhi1Jven1tbpebYTCT9XYnvx6/Z+HFUPb7ZRMCW+pj2clU9VMhoTPgWKPhAs7JJDSk3CW1jNUvKCZQ==}

  harfbuzzjs@1.6.3:
    resolution: {integrity: sha512-R5Mfo1UUvQmZJmtScP7fBLKYKnYu82ZdtFT7WbQYeGb3Ut5PR3xfFCJ5/FjbcW5SAfb9cqCSny/KNjp+NJBx0w==}

  p-limit@3.1.0:
    resolution: {integrity: sha512-TYOanM3wGwNGsZN2cVTYPArw454xnXj5qmWF1bEoAc4+cU/ol7GVh7odevjp1FNHduHc3KZMcFduxU5Xc6uJRQ==}
    engines: {node: '>=10'}

  pako@1.0.11:
    resolution: {integrity: sha512-4hLB8Py4zZce5s4yd9XzopqwVv/yGNhV1Bl8NTmCq1763HeK2+EwVTv+leGeL13Dnh2wfbqowVPXCIO0z4taYw==}

  subset-font@2.9.0:
    resolution: {integrity: sha512-WJulQeFwbewrXIGcLJbSZFWI44fHW8gNRuPzLywfDL8w38IPRbN1JFxwG76aoohw9kcFdvjVIn2QmID1iy119A==}

  wawoff2@2.0.1:
    resolution: {integrity: sha512-r0CEmvpH63r4T15ebFqeOjGqU4+EgTx4I510NtK35EMciSdcTxCw3Byy3JnBonz7iyIFZ0AbVo0bbFpEVuhCYA==}
    hasBin: true

  woff2sfnt-sfnt2woff@1.0.0:
    resolution: {integrity: sha512-edK4COc1c1EpRfMqCZO1xJOvdUtM5dbVb9iz97rScvnTevqEB3GllnLWCmMVp1MfQBdF1DFg/11I0rSyAdS4qQ==}

  yocto-queue@0.1.0:
    resolution: {integrity: sha512-rVksvsnNCdJ/ohGc6xgPwyN8eheCxsiLM8mxuE/t/mOVqJewPuO1miLpTHQiRgTKCLexL4MeAFVagts7HmNZ2Q==}
    engines: {node: '>=10'}

snapshots:

  '@lark-project/meegle@1.0.23': {}

  argparse@2.0.1: {}

  fontverter@2.0.0:
    dependencies:
      wawoff2: 2.0.1
      woff2sfnt-sfnt2woff: 1.0.0

  harfbuzzjs@1.6.3: {}

  p-limit@3.1.0:
    dependencies:
      yocto-queue: 0.1.0

  pako@1.0.11: {}

  subset-font@2.9.0:
    dependencies:
      fontverter: 2.0.0
      harfbuzzjs: 1.6.3
      p-limit: 3.1.0

  wawoff2@2.0.1:
    dependencies:
      argparse: 2.0.1

  woff2sfnt-sfnt2woff@1.0.0:
    dependencies:
      pako: 1.0.11

  yocto-queue@0.1.0: {}
